{
  "name": "backend",
  "version": "1.0.0",
  "lockfileVersion": 3,
  "requires": true,
  "packages": {
    "": {
      "name": "backend",
      "version": "1.0.0",
      "license": "ISC",
      "dependencies": {
        "@prisma/client": "^5.15.1"
      }
    },
    "node_modules/@prisma/client": {
      "version": "5.15.1",
      "resolved": "https://registry.npmjs.org/@prisma/client/-/client-5.15.1.tgz",
      "integrity": "sha512-fmZRGmsUJ9+VwC/AvfP/PwdpD0xAEyPvNsD9/B3+GYpETq9VejVRT3PiqNvl76q1uYYzNZeo8u/LmzzTetHSEg==",
      "hasInstallScript": true,
      "license": "Apache-2.0",
      "engines": {
        "node": ">=16.13"
      },
      "peerDependencies": {
        "prisma": "*"
      },
      "peerDependenciesMeta": {
        "prisma": {
          "optional": true
        }
      }
    }
  }
}
